{
  "version": 4,
  "terraform_version": "1.3.7",
  "serial": 51,
  "lineage": "8af3483d-7f0e-393f-8794-77dff690619f",
  "outputs": {},
  "resources": [
    {
      "mode": "managed",
      "type": "azurerm_linux_virtual_machine",
      "name": "mylinuxvm",
      "provider": "provider[\"registry.terraform.io/hashicorp/azurerm\"]",
      "instances": [
        {
          "index_key": 0,
          "schema_version": 0,
          "attributes": {
            "additional_capabilities": [],
            "admin_password": "Password@12345",
            "admin_ssh_key": [],
            "admin_username": "azureuser",
            "allow_extension_operations": true,
            "availability_set_id": "",
            "boot_diagnostics": [],
            "capacity_reservation_group_id": "",
            "computer_name": "sandylinuxvm-0",
            "custom_data": "I2Nsb3VkLWNvbmZpZwpwYWNrYWdlX3VwZ3JhZGU6IGZhbHNlCnBhY2thZ2VzOgogIC0gaHR0cGQKd3JpdGVfZmlsZXM6CiAgLSBvd25lcjogcm9vdDpyb290IAogICAgcGF0aDogL3Zhci93d3cvaHRtbC9pbmRleC5odG1sCiAgICBjb250ZW50OiB8CiAgICAgIDxoMT5XZWxjb21lIHRvIFN0YWNrU2ltcGxpZnkgLSBBUFAtMTwvaDE+CiAgLSBvd25lcjogcm9vdDpyb290IAogICAgcGF0aDogL3Zhci93d3cvaHRtbC9hcHAxL2luZGV4Lmh0bWwKICAgIGNvbnRlbnQ6IHwKICAgICAgPCFET0NUWVBFIGh0bWw+IDxodG1sPiA8Ym9keSBzdHlsZT0iYmFja2dyb3VuZC1jb2xvcjpyZ2IoMjUwLCAyMTAsIDIxMCk7Ij4gPGgxPldlbGNvbWUgdG8gU2FuZHkgd2Vic2l0ZSAhISAtIEFQUC0xPC9oMT4gPHA+VGVycmFmb3JtIERlbW88L3A+IDxwPkFwcGxpY2F0aW9uIFZlcnNpb246IFYxPC9wPiA8L2JvZHk+PC9odG1sPiAgICAgIApydW5jbWQ6CiAgLSBzdWRvIHN5c3RlbWN0bCBzdGFydCBodHRwZCAgCiAgLSBzdWRvIHN5c3RlbWN0bCBlbmFibGUgaHR0cGQKICAtIHN1ZG8gc3lzdGVtY3RsIHN0b3AgZmlyZXdhbGxkCiAgLSBzdWRvIG1rZGlyIC92YXIvd3d3L2h0bWwvYXBwMSAKICAtIFtzdWRvLCBjdXJsLCAtSCwgIk1ldGFkYXRhOnRydWUiLCAtLW5vcHJveHksICIqIiwgImh0dHA6Ly8xNjkuMjU0LjE2OS4yNTQvbWV0YWRhdGEvaW5zdGFuY2U/YXBpLXZlcnNpb249MjAyMC0wOS0wMSIsIC1vLCAvdmFyL3d3dy9odG1sL2FwcDEvbWV0YWRhdGEuaHRtbF0K",
            "dedicated_host_group_id": "",
            "dedicated_host_id": "",
            "disable_password_authentication": false,
            "edge_zone": "",
            "encryption_at_host_enabled": false,
            "eviction_policy": "",
            "extensions_time_budget": "PT1H30M",
            "gallery_application": [],
            "id": "/subscriptions/75acae6b-be75-465b-8675-0388972b2f44/resourceGroups/Terraform_RG/providers/Microsoft.Compute/virtualMachines/sandylinuxvm-0",
            "identity": [],
            "license_type": "",
            "location": "westeurope",
            "max_bid_price": -1,
            "name": "sandylinuxvm-0",
            "network_interface_ids": [
              "/subscriptions/75acae6b-be75-465b-8675-0388972b2f44/resourceGroups/Terraform_RG/providers/Microsoft.Network/networkInterfaces/it-vmnic0"
            ],
            "os_disk": [
              {
                "caching": "ReadWrite",
                "diff_disk_settings": [],
                "disk_encryption_set_id": "",
                "disk_size_gb": 64,
                "name": "osdisk0",
                "secure_vm_disk_encryption_set_id": "",
                "security_encryption_type": "",
                "storage_account_type": "Standard_LRS",
                "write_accelerator_enabled": false
              }
            ],
            "patch_assessment_mode": "ImageDefault",
            "patch_mode": "ImageDefault",
            "plan": [],
            "platform_fault_domain": -1,
            "priority": "Regular",
            "private_ip_address": "10.0.1.4",
            "private_ip_addresses": [
              "10.0.1.4"
            ],
            "provision_vm_agent": true,
            "proximity_placement_group_id": "",
            "public_ip_address": "137.117.185.167",
            "public_ip_addresses": [
              "137.117.185.167"
            ],
            "resource_group_name": "Terraform_RG",
            "secret": [],
            "secure_boot_enabled": false,
            "size": "Standard_DS1_v2",
            "source_image_id": "",
            "source_image_reference": [
              {
                "offer": "RHEL",
                "publisher": "RedHat",
                "sku": "83-gen2",
                "version": "latest"
              }
            ],
            "tags": null,
            "termination_notification": null,
            "timeouts": null,
            "user_data": "",
            "virtual_machine_id": "fdc38a8f-0421-4c01-95b9-831ef3fbda52",
            "virtual_machine_scale_set_id": "",
            "vtpm_enabled": false,
            "zone": ""
          },
          "sensitive_attributes": [],
          "private": "eyJlMmJmYjczMC1lY2FhLTExZTYtOGY4OC0zNDM2M2JjN2M0YzAiOnsiY3JlYXRlIjoyNzAwMDAwMDAwMDAwLCJkZWxldGUiOjI3MDAwMDAwMDAwMDAsInJlYWQiOjMwMDAwMDAwMDAwMCwidXBkYXRlIjoyNzAwMDAwMDAwMDAwfX0=",
          "dependencies": [
            "azurerm_network_interface.myvmnic",
            "azurerm_public_ip.mypublicip",
            "azurerm_resource_group.Terraform_RG",
            "azurerm_subnet.mysubnet",
            "azurerm_virtual_network.myvnet",
            "random_string.myrandom"
          ]
        },
        {
          "index_key": 1,
          "schema_version": 0,
          "attributes": {
            "additional_capabilities": [],
            "admin_password": "Password@12345",
            "admin_ssh_key": [],
            "admin_username": "azureuser",
            "allow_extension_operations": true,
            "availability_set_id": "",
            "boot_diagnostics": [],
            "capacity_reservation_group_id": "",
            "computer_name": "sandylinuxvm-1",
            "custom_data": "I2Nsb3VkLWNvbmZpZwpwYWNrYWdlX3VwZ3JhZGU6IGZhbHNlCnBhY2thZ2VzOgogIC0gaHR0cGQKd3JpdGVfZmlsZXM6CiAgLSBvd25lcjogcm9vdDpyb290IAogICAgcGF0aDogL3Zhci93d3cvaHRtbC9pbmRleC5odG1sCiAgICBjb250ZW50OiB8CiAgICAgIDxoMT5XZWxjb21lIHRvIFN0YWNrU2ltcGxpZnkgLSBBUFAtMTwvaDE+CiAgLSBvd25lcjogcm9vdDpyb290IAogICAgcGF0aDogL3Zhci93d3cvaHRtbC9hcHAxL2luZGV4Lmh0bWwKICAgIGNvbnRlbnQ6IHwKICAgICAgPCFET0NUWVBFIGh0bWw+IDxodG1sPiA8Ym9keSBzdHlsZT0iYmFja2dyb3VuZC1jb2xvcjpyZ2IoMjUwLCAyMTAsIDIxMCk7Ij4gPGgxPldlbGNvbWUgdG8gU2FuZHkgd2Vic2l0ZSAhISAtIEFQUC0xPC9oMT4gPHA+VGVycmFmb3JtIERlbW88L3A+IDxwPkFwcGxpY2F0aW9uIFZlcnNpb246IFYxPC9wPiA8L2JvZHk+PC9odG1sPiAgICAgIApydW5jbWQ6CiAgLSBzdWRvIHN5c3RlbWN0bCBzdGFydCBodHRwZCAgCiAgLSBzdWRvIHN5c3RlbWN0bCBlbmFibGUgaHR0cGQKICAtIHN1ZG8gc3lzdGVtY3RsIHN0b3AgZmlyZXdhbGxkCiAgLSBzdWRvIG1rZGlyIC92YXIvd3d3L2h0bWwvYXBwMSAKICAtIFtzdWRvLCBjdXJsLCAtSCwgIk1ldGFkYXRhOnRydWUiLCAtLW5vcHJveHksICIqIiwgImh0dHA6Ly8xNjkuMjU0LjE2OS4yNTQvbWV0YWRhdGEvaW5zdGFuY2U/YXBpLXZlcnNpb249MjAyMC0wOS0wMSIsIC1vLCAvdmFyL3d3dy9odG1sL2FwcDEvbWV0YWRhdGEuaHRtbF0K",
            "dedicated_host_group_id": "",
            "dedicated_host_id": "",
            "disable_password_authentication": false,
            "edge_zone": "",
            "encryption_at_host_enabled": false,
            "eviction_policy": "",
            "extensions_time_budget": "PT1H30M",
            "gallery_application": [],
            "id": "/subscriptions/75acae6b-be75-465b-8675-0388972b2f44/resourceGroups/Terraform_RG/providers/Microsoft.Compute/virtualMachines/sandylinuxvm-1",
            "identity": [],
            "license_type": "",
            "location": "westeurope",
            "max_bid_price": -1,
            "name": "sandylinuxvm-1",
            "network_interface_ids": [
              "/subscriptions/75acae6b-be75-465b-8675-0388972b2f44/resourceGroups/Terraform_RG/providers/Microsoft.Network/networkInterfaces/it-vmnic1"
            ],
            "os_disk": [
              {
                "caching": "ReadWrite",
                "diff_disk_settings": [],
                "disk_encryption_set_id": "",
                "disk_size_gb": 64,
                "name": "osdisk1",
                "secure_vm_disk_encryption_set_id": "",
                "security_encryption_type": "",
                "storage_account_type": "Standard_LRS",
                "write_accelerator_enabled": false
              }
            ],
            "patch_assessment_mode": "ImageDefault",
            "patch_mode": "ImageDefault",
            "plan": [],
            "platform_fault_domain": -1,
            "priority": "Regular",
            "private_ip_address": "10.0.1.5",
            "private_ip_addresses": [
              "10.0.1.5"
            ],
            "provision_vm_agent": true,
            "proximity_placement_group_id": "",
            "public_ip_address": "51.145.172.177",
            "public_ip_addresses": [
              "51.145.172.177"
            ],
            "resource_group_name": "Terraform_RG",
            "secret": [],
            "secure_boot_enabled": false,
            "size": "Standard_DS1_v2",
            "source_image_id": "",
            "source_image_reference": [
              {
                "offer": "RHEL",
                "publisher": "RedHat",
                "sku": "83-gen2",
                "version": "latest"
              }
            ],
            "tags": null,
            "termination_notification": null,
            "timeouts": null,
            "user_data": "",
            "virtual_machine_id": "a562c53e-dc26-4ccc-a409-8772a5dfedda",
            "virtual_machine_scale_set_id": "",
            "vtpm_enabled": false,
            "zone": ""
          },
          "sensitive_attributes": [],
          "private": "eyJlMmJmYjczMC1lY2FhLTExZTYtOGY4OC0zNDM2M2JjN2M0YzAiOnsiY3JlYXRlIjoyNzAwMDAwMDAwMDAwLCJkZWxldGUiOjI3MDAwMDAwMDAwMDAsInJlYWQiOjMwMDAwMDAwMDAwMCwidXBkYXRlIjoyNzAwMDAwMDAwMDAwfX0=",
          "dependencies": [
            "azurerm_network_interface.myvmnic",
            "azurerm_public_ip.mypublicip",
            "azurerm_resource_group.Terraform_RG",
            "azurerm_subnet.mysubnet",
            "azurerm_virtual_network.myvnet",
            "random_string.myrandom"
          ]
        },
        {
          "index_key": 2,
          "schema_version": 0,
          "attributes": {
            "additional_capabilities": [],
            "admin_password": "Password@12345",
            "admin_ssh_key": [],
            "admin_username": "azureuser",
            "allow_extension_operations": true,
            "availability_set_id": "",
            "boot_diagnostics": [],
            "capacity_reservation_group_id": "",
            "computer_name": "sandylinuxvm-2",
            "custom_data": "I2Nsb3VkLWNvbmZpZwpwYWNrYWdlX3VwZ3JhZGU6IGZhbHNlCnBhY2thZ2VzOgogIC0gaHR0cGQKd3JpdGVfZmlsZXM6CiAgLSBvd25lcjogcm9vdDpyb290IAogICAgcGF0aDogL3Zhci93d3cvaHRtbC9pbmRleC5odG1sCiAgICBjb250ZW50OiB8CiAgICAgIDxoMT5XZWxjb21lIHRvIFN0YWNrU2ltcGxpZnkgLSBBUFAtMTwvaDE+CiAgLSBvd25lcjogcm9vdDpyb290IAogICAgcGF0aDogL3Zhci93d3cvaHRtbC9hcHAxL2luZGV4Lmh0bWwKICAgIGNvbnRlbnQ6IHwKICAgICAgPCFET0NUWVBFIGh0bWw+IDxodG1sPiA8Ym9keSBzdHlsZT0iYmFja2dyb3VuZC1jb2xvcjpyZ2IoMjUwLCAyMTAsIDIxMCk7Ij4gPGgxPldlbGNvbWUgdG8gU2FuZHkgd2Vic2l0ZSAhISAtIEFQUC0xPC9oMT4gPHA+VGVycmFmb3JtIERlbW88L3A+IDxwPkFwcGxpY2F0aW9uIFZlcnNpb246IFYxPC9wPiA8L2JvZHk+PC9odG1sPiAgICAgIApydW5jbWQ6CiAgLSBzdWRvIHN5c3RlbWN0bCBzdGFydCBodHRwZCAgCiAgLSBzdWRvIHN5c3RlbWN0bCBlbmFibGUgaHR0cGQKICAtIHN1ZG8gc3lzdGVtY3RsIHN0b3AgZmlyZXdhbGxkCiAgLSBzdWRvIG1rZGlyIC92YXIvd3d3L2h0bWwvYXBwMSAKICAtIFtzdWRvLCBjdXJsLCAtSCwgIk1ldGFkYXRhOnRydWUiLCAtLW5vcHJveHksICIqIiwgImh0dHA6Ly8xNjkuMjU0LjE2OS4yNTQvbWV0YWRhdGEvaW5zdGFuY2U/YXBpLXZlcnNpb249MjAyMC0wOS0wMSIsIC1vLCAvdmFyL3d3dy9odG1sL2FwcDEvbWV0YWRhdGEuaHRtbF0K",
            "dedicated_host_group_id": "",
            "dedicated_host_id": "",
            "disable_password_authentication": false,
            "edge_zone": "",
            "encryption_at_host_enabled": false,
            "eviction_policy": "",
            "extensions_time_budget": "PT1H30M",
            "gallery_application": [],
            "id": "/subscriptions/75acae6b-be75-465b-8675-0388972b2f44/resourceGroups/Terraform_RG/providers/Microsoft.Compute/virtualMachines/sandylinuxvm-2",
            "identity": [],
            "license_type": "",
            "location": "westeurope",
            "max_bid_price": -1,
            "name": "sandylinuxvm-2",
            "network_interface_ids": [
              "/subscriptions/75acae6b-be75-465b-8675-0388972b2f44/resourceGroups/Terraform_RG/providers/Microsoft.Network/networkInterfaces/it-vmnic2"
            ],
            "os_disk": [
              {
                "caching": "ReadWrite",
                "diff_disk_settings": [],
                "disk_encryption_set_id": "",
                "disk_size_gb": 64,
                "name": "osdisk2",
                "secure_vm_disk_encryption_set_id": "",
                "security_encryption_type": "",
                "storage_account_type": "Standard_LRS",
                "write_accelerator_enabled": false
              }
            ],
            "patch_assessment_mode": "ImageDefault",
            "patch_mode": "ImageDefault",
            "plan": [],
            "platform_fault_domain": -1,
            "priority": "Regular",
            "private_ip_address": "10.0.1.7",
            "private_ip_addresses": [
              "10.0.1.7"
            ],
            "provision_vm_agent": true,
            "proximity_placement_group_id": "",
            "public_ip_address": "51.145.171.121",
            "public_ip_addresses": [
              "51.145.171.121"
            ],
            "resource_group_name": "Terraform_RG",
            "secret": [],
            "secure_boot_enabled": false,
            "size": "Standard_DS1_v2",
            "source_image_id": "",
            "source_image_reference": [
              {
                "offer": "RHEL",
                "publisher": "RedHat",
                "sku": "83-gen2",
                "version": "latest"
              }
            ],
            "tags": null,
            "termination_notification": null,
            "timeouts": null,
            "user_data": "",
            "virtual_machine_id": "22a56862-1bf9-4b6a-b503-8c72baf2cda2",
            "virtual_machine_scale_set_id": "",
            "vtpm_enabled": false,
            "zone": ""
          },
          "sensitive_attributes": [],
          "private": "eyJlMmJmYjczMC1lY2FhLTExZTYtOGY4OC0zNDM2M2JjN2M0YzAiOnsiY3JlYXRlIjoyNzAwMDAwMDAwMDAwLCJkZWxldGUiOjI3MDAwMDAwMDAwMDAsInJlYWQiOjMwMDAwMDAwMDAwMCwidXBkYXRlIjoyNzAwMDAwMDAwMDAwfX0=",
          "dependencies": [
            "azurerm_network_interface.myvmnic",
            "azurerm_public_ip.mypublicip",
            "azurerm_resource_group.Terraform_RG",
            "azurerm_subnet.mysubnet",
            "azurerm_virtual_network.myvnet",
            "random_string.myrandom"
          ]
        },
        {
          "index_key": 3,
          "schema_version": 0,
          "attributes": {
            "additional_capabilities": [],
            "admin_password": "Password@12345",
            "admin_ssh_key": [],
            "admin_username": "azureuser",
            "allow_extension_operations": true,
            "availability_set_id": "",
            "boot_diagnostics": [],
            "capacity_reservation_group_id": "",
            "computer_name": "sandylinuxvm-3",
            "custom_data": "I2Nsb3VkLWNvbmZpZwpwYWNrYWdlX3VwZ3JhZGU6IGZhbHNlCnBhY2thZ2VzOgogIC0gaHR0cGQKd3JpdGVfZmlsZXM6CiAgLSBvd25lcjogcm9vdDpyb290IAogICAgcGF0aDogL3Zhci93d3cvaHRtbC9pbmRleC5odG1sCiAgICBjb250ZW50OiB8CiAgICAgIDxoMT5XZWxjb21lIHRvIFN0YWNrU2ltcGxpZnkgLSBBUFAtMTwvaDE+CiAgLSBvd25lcjogcm9vdDpyb290IAogICAgcGF0aDogL3Zhci93d3cvaHRtbC9hcHAxL2luZGV4Lmh0bWwKICAgIGNvbnRlbnQ6IHwKICAgICAgPCFET0NUWVBFIGh0bWw+IDxodG1sPiA8Ym9keSBzdHlsZT0iYmFja2dyb3VuZC1jb2xvcjpyZ2IoMjUwLCAyMTAsIDIxMCk7Ij4gPGgxPldlbGNvbWUgdG8gU2FuZHkgd2Vic2l0ZSAhISAtIEFQUC0xPC9oMT4gPHA+VGVycmFmb3JtIERlbW88L3A+IDxwPkFwcGxpY2F0aW9uIFZlcnNpb246IFYxPC9wPiA8L2JvZHk+PC9odG1sPiAgICAgIApydW5jbWQ6CiAgLSBzdWRvIHN5c3RlbWN0bCBzdGFydCBodHRwZCAgCiAgLSBzdWRvIHN5c3RlbWN0bCBlbmFibGUgaHR0cGQKICAtIHN1ZG8gc3lzdGVtY3RsIHN0b3AgZmlyZXdhbGxkCiAgLSBzdWRvIG1rZGlyIC92YXIvd3d3L2h0bWwvYXBwMSAKICAtIFtzdWRvLCBjdXJsLCAtSCwgIk1ldGFkYXRhOnRydWUiLCAtLW5vcHJveHksICIqIiwgImh0dHA6Ly8xNjkuMjU0LjE2OS4yNTQvbWV0YWRhdGEvaW5zdGFuY2U/YXBpLXZlcnNpb249MjAyMC0wOS0wMSIsIC1vLCAvdmFyL3d3dy9odG1sL2FwcDEvbWV0YWRhdGEuaHRtbF0K",
            "dedicated_host_group_id": "",
            "dedicated_host_id": "",
            "disable_password_authentication": false,
            "edge_zone": "",
            "encryption_at_host_enabled": false,
            "eviction_policy": "",
            "extensions_time_budget": "PT1H30M",
            "gallery_application": [],
            "id": "/subscriptions/75acae6b-be75-465b-8675-0388972b2f44/resourceGroups/Terraform_RG/providers/Microsoft.Compute/virtualMachines/sandylinuxvm-3",
            "identity": [],
            "license_type": "",
            "location": "westeurope",
            "max_bid_price": -1,
            "name": "sandylinuxvm-3",
            "network_interface_ids": [
              "/subscriptions/75acae6b-be75-465b-8675-0388972b2f44/resourceGroups/Terraform_RG/providers/Microsoft.Network/networkInterfaces/it-vmnic3"
            ],
            "os_disk": [
              {
                "caching": "ReadWrite",
                "diff_disk_settings": [],
                "disk_encryption_set_id": "",
                "disk_size_gb": 64,
                "name": "osdisk3",
                "secure_vm_disk_encryption_set_id": "",
                "security_encryption_type": "",
                "storage_account_type": "Standard_LRS",
                "write_accelerator_enabled": false
              }
            ],
            "patch_assessment_mode": "ImageDefault",
            "patch_mode": "ImageDefault",
            "plan": [],
            "platform_fault_domain": -1,
            "priority": "Regular",
            "private_ip_address": "10.0.1.6",
            "private_ip_addresses": [
              "10.0.1.6"
            ],
            "provision_vm_agent": true,
            "proximity_placement_group_id": "",
            "public_ip_address": "52.148.255.58",
            "public_ip_addresses": [
              "52.148.255.58"
            ],
            "resource_group_name": "Terraform_RG",
            "secret": [],
            "secure_boot_enabled": false,
            "size": "Standard_DS1_v2",
            "source_image_id": "",
            "source_image_reference": [
              {
                "offer": "RHEL",
                "publisher": "RedHat",
                "sku": "83-gen2",
                "version": "latest"
              }
            ],
            "tags": null,
            "termination_notification": null,
            "timeouts": null,
            "user_data": "",
            "virtual_machine_id": "a951a8c2-3465-4a38-866d-cf2687739551",
            "virtual_machine_scale_set_id": "",
            "vtpm_enabled": false,
            "zone": ""
          },
          "sensitive_attributes": [],
          "private": "eyJlMmJmYjczMC1lY2FhLTExZTYtOGY4OC0zNDM2M2JjN2M0YzAiOnsiY3JlYXRlIjoyNzAwMDAwMDAwMDAwLCJkZWxldGUiOjI3MDAwMDAwMDAwMDAsInJlYWQiOjMwMDAwMDAwMDAwMCwidXBkYXRlIjoyNzAwMDAwMDAwMDAwfX0=",
          "dependencies": [
            "azurerm_network_interface.myvmnic",
            "azurerm_public_ip.mypublicip",
            "azurerm_resource_group.Terraform_RG",
            "azurerm_subnet.mysubnet",
            "azurerm_virtual_network.myvnet",
            "random_string.myrandom"
          ]
        }
      ]
    },
    {
      "mode": "managed",
      "type": "azurerm_network_interface",
      "name": "myvmnic",
      "provider": "provider[\"registry.terraform.io/hashicorp/azurerm\"]",
      "instances": [
        {
          "index_key": 0,
          "schema_version": 0,
          "attributes": {
            "applied_dns_servers": [],
            "dns_servers": [],
            "edge_zone": "",
            "enable_accelerated_networking": false,
            "enable_ip_forwarding": false,
            "id": "/subscriptions/75acae6b-be75-465b-8675-0388972b2f44/resourceGroups/Terraform_RG/providers/Microsoft.Network/networkInterfaces/it-vmnic0",
            "internal_dns_name_label": "",
            "internal_domain_name_suffix": "15ym0u2crivunk4ns30flqpwif.ax.internal.cloudapp.net",
            "ip_configuration": [
              {
                "gateway_load_balancer_frontend_ip_configuration_id": "",
                "name": "internal",
                "primary": true,
                "private_ip_address": "10.0.1.4",
                "private_ip_address_allocation": "Dynamic",
                "private_ip_address_version": "IPv4",
                "public_ip_address_id": "/subscriptions/75acae6b-be75-465b-8675-0388972b2f44/resourceGroups/Terraform_RG/providers/Microsoft.Network/publicIPAddresses/it-publicip-0",
                "subnet_id": "/subscriptions/75acae6b-be75-465b-8675-0388972b2f44/resourceGroups/Terraform_RG/providers/Microsoft.Network/virtualNetworks/itvnet-1/subnets/itsubnet-1"
              }
            ],
            "location": "westeurope",
            "mac_address": "",
            "name": "it-vmnic0",
            "private_ip_address": "10.0.1.4",
            "private_ip_addresses": [
              "10.0.1.4"
            ],
            "resource_group_name": "Terraform_RG",
            "tags": {
              "Buildby": "Sandeep CH",
              "Builddate": "20230211",
              "Environment": "Testing"
            },
            "timeouts": null,
            "virtual_machine_id": ""
          },
          "sensitive_attributes": [],
          "private": "eyJlMmJmYjczMC1lY2FhLTExZTYtOGY4OC0zNDM2M2JjN2M0YzAiOnsiY3JlYXRlIjoxODAwMDAwMDAwMDAwLCJkZWxldGUiOjE4MDAwMDAwMDAwMDAsInJlYWQiOjMwMDAwMDAwMDAwMCwidXBkYXRlIjoxODAwMDAwMDAwMDAwfX0=",
          "dependencies": [
            "azurerm_public_ip.mypublicip",
            "azurerm_resource_group.Terraform_RG",
            "azurerm_subnet.mysubnet",
            "azurerm_virtual_network.myvnet",
            "random_string.myrandom"
          ]
        },
        {
          "index_key": 1,
          "schema_version": 0,
          "attributes": {
            "applied_dns_servers": [],
            "dns_servers": [],
            "edge_zone": "",
            "enable_accelerated_networking": false,
            "enable_ip_forwarding": false,
            "id": "/subscriptions/75acae6b-be75-465b-8675-0388972b2f44/resourceGroups/Terraform_RG/providers/Microsoft.Network/networkInterfaces/it-vmnic1",
            "internal_dns_name_label": "",
            "internal_domain_name_suffix": "15ym0u2crivunk4ns30flqpwif.ax.internal.cloudapp.net",
            "ip_configuration": [
              {
                "gateway_load_balancer_frontend_ip_configuration_id": "",
                "name": "internal",
                "primary": true,
                "private_ip_address": "10.0.1.5",
                "private_ip_address_allocation": "Dynamic",
                "private_ip_address_version": "IPv4",
                "public_ip_address_id": "/subscriptions/75acae6b-be75-465b-8675-0388972b2f44/resourceGroups/Terraform_RG/providers/Microsoft.Network/publicIPAddresses/it-publicip-1",
                "subnet_id": "/subscriptions/75acae6b-be75-465b-8675-0388972b2f44/resourceGroups/Terraform_RG/providers/Microsoft.Network/virtualNetworks/itvnet-1/subnets/itsubnet-1"
              }
            ],
            "location": "westeurope",
            "mac_address": "",
            "name": "it-vmnic1",
            "private_ip_address": "10.0.1.5",
            "private_ip_addresses": [
              "10.0.1.5"
            ],
            "resource_group_name": "Terraform_RG",
            "tags": {
              "Buildby": "Sandeep CH",
              "Builddate": "20230211",
              "Environment": "Testing"
            },
            "timeouts": null,
            "virtual_machine_id": ""
          },
          "sensitive_attributes": [],
          "private": "eyJlMmJmYjczMC1lY2FhLTExZTYtOGY4OC0zNDM2M2JjN2M0YzAiOnsiY3JlYXRlIjoxODAwMDAwMDAwMDAwLCJkZWxldGUiOjE4MDAwMDAwMDAwMDAsInJlYWQiOjMwMDAwMDAwMDAwMCwidXBkYXRlIjoxODAwMDAwMDAwMDAwfX0=",
          "dependencies": [
            "azurerm_public_ip.mypublicip",
            "azurerm_resource_group.Terraform_RG",
            "azurerm_subnet.mysubnet",
            "azurerm_virtual_network.myvnet",
            "random_string.myrandom"
          ]
        },
        {
          "index_key": 2,
          "schema_version": 0,
          "attributes": {
            "applied_dns_servers": [],
            "dns_servers": [],
            "edge_zone": "",
            "enable_accelerated_networking": false,
            "enable_ip_forwarding": false,
            "id": "/subscriptions/75acae6b-be75-465b-8675-0388972b2f44/resourceGroups/Terraform_RG/providers/Microsoft.Network/networkInterfaces/it-vmnic2",
            "internal_dns_name_label": "",
            "internal_domain_name_suffix": "15ym0u2crivunk4ns30flqpwif.ax.internal.cloudapp.net",
            "ip_configuration": [
              {
                "gateway_load_balancer_frontend_ip_configuration_id": "",
                "name": "internal",
                "primary": true,
                "private_ip_address": "10.0.1.7",
                "private_ip_address_allocation": "Dynamic",
                "private_ip_address_version": "IPv4",
                "public_ip_address_id": "/subscriptions/75acae6b-be75-465b-8675-0388972b2f44/resourceGroups/Terraform_RG/providers/Microsoft.Network/publicIPAddresses/it-publicip-2",
                "subnet_id": "/subscriptions/75acae6b-be75-465b-8675-0388972b2f44/resourceGroups/Terraform_RG/providers/Microsoft.Network/virtualNetworks/itvnet-1/subnets/itsubnet-1"
              }
            ],
            "location": "westeurope",
            "mac_address": "",
            "name": "it-vmnic2",
            "private_ip_address": "10.0.1.7",
            "private_ip_addresses": [
              "10.0.1.7"
            ],
            "resource_group_name": "Terraform_RG",
            "tags": {
              "Buildby": "Sandeep CH",
              "Builddate": "20230211",
              "Environment": "Testing"
            },
            "timeouts": null,
            "virtual_machine_id": ""
          },
          "sensitive_attributes": [],
          "private": "eyJlMmJmYjczMC1lY2FhLTExZTYtOGY4OC0zNDM2M2JjN2M0YzAiOnsiY3JlYXRlIjoxODAwMDAwMDAwMDAwLCJkZWxldGUiOjE4MDAwMDAwMDAwMDAsInJlYWQiOjMwMDAwMDAwMDAwMCwidXBkYXRlIjoxODAwMDAwMDAwMDAwfX0=",
          "dependencies": [
            "azurerm_public_ip.mypublicip",
            "azurerm_resource_group.Terraform_RG",
            "azurerm_subnet.mysubnet",
            "azurerm_virtual_network.myvnet",
            "random_string.myrandom"
          ]
        },
        {
          "index_key": 3,
          "schema_version": 0,
          "attributes": {
            "applied_dns_servers": [],
            "dns_servers": [],
            "edge_zone": "",
            "enable_accelerated_networking": false,
            "enable_ip_forwarding": false,
            "id": "/subscriptions/75acae6b-be75-465b-8675-0388972b2f44/resourceGroups/Terraform_RG/providers/Microsoft.Network/networkInterfaces/it-vmnic3",
            "internal_dns_name_label": "",
            "internal_domain_name_suffix": "15ym0u2crivunk4ns30flqpwif.ax.internal.cloudapp.net",
            "ip_configuration": [
              {
                "gateway_load_balancer_frontend_ip_configuration_id": "",
                "name": "internal",
                "primary": true,
                "private_ip_address": "10.0.1.6",
                "private_ip_address_allocation": "Dynamic",
                "private_ip_address_version": "IPv4",
                "public_ip_address_id": "/subscriptions/75acae6b-be75-465b-8675-0388972b2f44/resourceGroups/Terraform_RG/providers/Microsoft.Network/publicIPAddresses/it-publicip-3",
                "subnet_id": "/subscriptions/75acae6b-be75-465b-8675-0388972b2f44/resourceGroups/Terraform_RG/providers/Microsoft.Network/virtualNetworks/itvnet-1/subnets/itsubnet-1"
              }
            ],
            "location": "westeurope",
            "mac_address": "",
            "name": "it-vmnic3",
            "private_ip_address": "10.0.1.6",
            "private_ip_addresses": [
              "10.0.1.6"
            ],
            "resource_group_name": "Terraform_RG",
            "tags": {
              "Buildby": "Sandeep CH",
              "Builddate": "20230211",
              "Environment": "Testing"
            },
            "timeouts": null,
            "virtual_machine_id": ""
          },
          "sensitive_attributes": [],
          "private": "eyJlMmJmYjczMC1lY2FhLTExZTYtOGY4OC0zNDM2M2JjN2M0YzAiOnsiY3JlYXRlIjoxODAwMDAwMDAwMDAwLCJkZWxldGUiOjE4MDAwMDAwMDAwMDAsInJlYWQiOjMwMDAwMDAwMDAwMCwidXBkYXRlIjoxODAwMDAwMDAwMDAwfX0=",
          "dependencies": [
            "azurerm_public_ip.mypublicip",
            "azurerm_resource_group.Terraform_RG",
            "azurerm_subnet.mysubnet",
            "azurerm_virtual_network.myvnet",
            "random_string.myrandom"
          ]
        }
      ]
    },
    {
      "mode": "managed",
      "type": "azurerm_public_ip",
      "name": "mypublicip",
      "provider": "provider[\"registry.terraform.io/hashicorp/azurerm\"]",
      "instances": [
        {
          "index_key": 0,
          "schema_version": 0,
          "attributes": {
            "allocation_method": "Static",
            "ddos_protection_mode": "VirtualNetworkInherited",
            "ddos_protection_plan_id": null,
            "domain_name_label": "app0-vm-com7y2",
            "edge_zone": "",
            "fqdn": "app0-vm-com7y2.westeurope.cloudapp.azure.com",
            "id": "/subscriptions/75acae6b-be75-465b-8675-0388972b2f44/resourceGroups/Terraform_RG/providers/Microsoft.Network/publicIPAddresses/it-publicip-0",
            "idle_timeout_in_minutes": 4,
            "ip_address": "137.117.185.167",
            "ip_tags": null,
            "ip_version": "IPv4",
            "location": "westeurope",
            "name": "it-publicip-0",
            "public_ip_prefix_id": null,
            "resource_group_name": "Terraform_RG",
            "reverse_fqdn": "",
            "sku": "Basic",
            "sku_tier": "Regional",
            "tags": {
              "Buildby": "Sandeep CH",
              "Builddate": "20230211",
              "Environment": "Testing"
            },
            "timeouts": null,
            "zones": null
          },
          "sensitive_attributes": [],
          "private": "eyJlMmJmYjczMC1lY2FhLTExZTYtOGY4OC0zNDM2M2JjN2M0YzAiOnsiY3JlYXRlIjoxODAwMDAwMDAwMDAwLCJkZWxldGUiOjE4MDAwMDAwMDAwMDAsInJlYWQiOjMwMDAwMDAwMDAwMCwidXBkYXRlIjoxODAwMDAwMDAwMDAwfX0=",
          "dependencies": [
            "azurerm_resource_group.Terraform_RG",
            "random_string.myrandom"
          ]
        },
        {
          "index_key": 1,
          "schema_version": 0,
          "attributes": {
            "allocation_method": "Static",
            "ddos_protection_mode": "VirtualNetworkInherited",
            "ddos_protection_plan_id": null,
            "domain_name_label": "app1-vm-com7y2",
            "edge_zone": "",
            "fqdn": "app1-vm-com7y2.westeurope.cloudapp.azure.com",
            "id": "/subscriptions/75acae6b-be75-465b-8675-0388972b2f44/resourceGroups/Terraform_RG/providers/Microsoft.Network/publicIPAddresses/it-publicip-1",
            "idle_timeout_in_minutes": 4,
            "ip_address": "51.145.172.177",
            "ip_tags": null,
            "ip_version": "IPv4",
            "location": "westeurope",
            "name": "it-publicip-1",
            "public_ip_prefix_id": null,
            "resource_group_name": "Terraform_RG",
            "reverse_fqdn": "",
            "sku": "Basic",
            "sku_tier": "Regional",
            "tags": {
              "Buildby": "Sandeep CH",
              "Builddate": "20230211",
              "Environment": "Testing"
            },
            "timeouts": null,
            "zones": null
          },
          "sensitive_attributes": [],
          "private": "eyJlMmJmYjczMC1lY2FhLTExZTYtOGY4OC0zNDM2M2JjN2M0YzAiOnsiY3JlYXRlIjoxODAwMDAwMDAwMDAwLCJkZWxldGUiOjE4MDAwMDAwMDAwMDAsInJlYWQiOjMwMDAwMDAwMDAwMCwidXBkYXRlIjoxODAwMDAwMDAwMDAwfX0=",
          "dependencies": [
            "azurerm_resource_group.Terraform_RG",
            "random_string.myrandom"
          ]
        },
        {
          "index_key": 2,
          "schema_version": 0,
          "attributes": {
            "allocation_method": "Static",
            "ddos_protection_mode": "VirtualNetworkInherited",
            "ddos_protection_plan_id": null,
            "domain_name_label": "app2-vm-com7y2",
            "edge_zone": "",
            "fqdn": "app2-vm-com7y2.westeurope.cloudapp.azure.com",
            "id": "/subscriptions/75acae6b-be75-465b-8675-0388972b2f44/resourceGroups/Terraform_RG/providers/Microsoft.Network/publicIPAddresses/it-publicip-2",
            "idle_timeout_in_minutes": 4,
            "ip_address": "51.145.171.121",
            "ip_tags": null,
            "ip_version": "IPv4",
            "location": "westeurope",
            "name": "it-publicip-2",
            "public_ip_prefix_id": null,
            "resource_group_name": "Terraform_RG",
            "reverse_fqdn": "",
            "sku": "Basic",
            "sku_tier": "Regional",
            "tags": {
              "Buildby": "Sandeep CH",
              "Builddate": "20230211",
              "Environment": "Testing"
            },
            "timeouts": null,
            "zones": null
          },
          "sensitive_attributes": [],
          "private": "eyJlMmJmYjczMC1lY2FhLTExZTYtOGY4OC0zNDM2M2JjN2M0YzAiOnsiY3JlYXRlIjoxODAwMDAwMDAwMDAwLCJkZWxldGUiOjE4MDAwMDAwMDAwMDAsInJlYWQiOjMwMDAwMDAwMDAwMCwidXBkYXRlIjoxODAwMDAwMDAwMDAwfX0=",
          "dependencies": [
            "azurerm_resource_group.Terraform_RG",
            "random_string.myrandom"
          ]
        },
        {
          "index_key": 3,
          "schema_version": 0,
          "attributes": {
            "allocation_method": "Static",
            "ddos_protection_mode": "VirtualNetworkInherited",
            "ddos_protection_plan_id": null,
            "domain_name_label": "app3-vm-com7y2",
            "edge_zone": "",
            "fqdn": "app3-vm-com7y2.westeurope.cloudapp.azure.com",
            "id": "/subscriptions/75acae6b-be75-465b-8675-0388972b2f44/resourceGroups/Terraform_RG/providers/Microsoft.Network/publicIPAddresses/it-publicip-3",
            "idle_timeout_in_minutes": 4,
            "ip_address": "52.148.255.58",
            "ip_tags": null,
            "ip_version": "IPv4",
            "location": "westeurope",
            "name": "it-publicip-3",
            "public_ip_prefix_id": null,
            "resource_group_name": "Terraform_RG",
            "reverse_fqdn": "",
            "sku": "Basic",
            "sku_tier": "Regional",
            "tags": {
              "Buildby": "Sandeep CH",
              "Builddate": "20230211",
              "Environment": "Testing"
            },
            "timeouts": null,
            "zones": null
          },
          "sensitive_attributes": [],
          "private": "eyJlMmJmYjczMC1lY2FhLTExZTYtOGY4OC0zNDM2M2JjN2M0YzAiOnsiY3JlYXRlIjoxODAwMDAwMDAwMDAwLCJkZWxldGUiOjE4MDAwMDAwMDAwMDAsInJlYWQiOjMwMDAwMDAwMDAwMCwidXBkYXRlIjoxODAwMDAwMDAwMDAwfX0=",
          "dependencies": [
            "azurerm_resource_group.Terraform_RG",
            "random_string.myrandom"
          ]
        }
      ]
    },
    {
      "mode": "managed",
      "type": "azurerm_resource_group",
      "name": "Terraform_RG",
      "provider": "provider[\"registry.terraform.io/hashicorp/azurerm\"]",
      "instances": [
        {
          "schema_version": 0,
          "attributes": {
            "id": "/subscriptions/75acae6b-be75-465b-8675-0388972b2f44/resourceGroups/Terraform_RG",
            "location": "westeurope",
            "name": "Terraform_RG",
            "tags": {
              "Buildby": "Sandeep CH",
              "Builddate": "20230211",
              "Environment": "Testing"
            },
            "timeouts": null
          },
          "sensitive_attributes": [],
          "private": "eyJlMmJmYjczMC1lY2FhLTExZTYtOGY4OC0zNDM2M2JjN2M0YzAiOnsiY3JlYXRlIjo1NDAwMDAwMDAwMDAwLCJkZWxldGUiOjU0MDAwMDAwMDAwMDAsInJlYWQiOjMwMDAwMDAwMDAwMCwidXBkYXRlIjo1NDAwMDAwMDAwMDAwfX0="
        }
      ]
    },
    {
      "mode": "managed",
      "type": "azurerm_subnet",
      "name": "mysubnet",
      "provider": "provider[\"registry.terraform.io/hashicorp/azurerm\"]",
      "instances": [
        {
          "schema_version": 0,
          "attributes": {
            "address_prefixes": [
              "10.0.1.0/24"
            ],
            "delegation": [],
            "enforce_private_link_endpoint_network_policies": false,
            "enforce_private_link_service_network_policies": false,
            "id": "/subscriptions/75acae6b-be75-465b-8675-0388972b2f44/resourceGroups/Terraform_RG/providers/Microsoft.Network/virtualNetworks/itvnet-1/subnets/itsubnet-1",
            "name": "itsubnet-1",
            "private_endpoint_network_policies_enabled": true,
            "private_link_service_network_policies_enabled": true,
            "resource_group_name": "Terraform_RG",
            "service_endpoint_policy_ids": null,
            "service_endpoints": null,
            "timeouts": null,
            "virtual_network_name": "itvnet-1"
          },
          "sensitive_attributes": [],
          "private": "eyJlMmJmYjczMC1lY2FhLTExZTYtOGY4OC0zNDM2M2JjN2M0YzAiOnsiY3JlYXRlIjoxODAwMDAwMDAwMDAwLCJkZWxldGUiOjE4MDAwMDAwMDAwMDAsInJlYWQiOjMwMDAwMDAwMDAwMCwidXBkYXRlIjoxODAwMDAwMDAwMDAwfX0=",
          "dependencies": [
            "azurerm_resource_group.Terraform_RG",
            "azurerm_virtual_network.myvnet"
          ]
        }
      ]
    },
    {
      "mode": "managed",
      "type": "azurerm_virtual_network",
      "name": "myvnet",
      "provider": "provider[\"registry.terraform.io/hashicorp/azurerm\"]",
      "instances": [
        {
          "schema_version": 0,
          "attributes": {
            "address_space": [
              "10.0.0.0/16"
            ],
            "bgp_community": "",
            "ddos_protection_plan": [],
            "dns_servers": [],
            "edge_zone": "",
            "flow_timeout_in_minutes": 0,
            "guid": "53cdf0df-8a82-462b-abcd-977455c1f645",
            "id": "/subscriptions/75acae6b-be75-465b-8675-0388972b2f44/resourceGroups/Terraform_RG/providers/Microsoft.Network/virtualNetworks/itvnet-1",
            "location": "westeurope",
            "name": "itvnet-1",
            "resource_group_name": "Terraform_RG",
            "subnet": [],
            "tags": {
              "Buildby": "Sandeep CH",
              "Builddate": "20230211",
              "Environment": "Testing"
            },
            "timeouts": null
          },
          "sensitive_attributes": [],
          "private": "eyJlMmJmYjczMC1lY2FhLTExZTYtOGY4OC0zNDM2M2JjN2M0YzAiOnsiY3JlYXRlIjoxODAwMDAwMDAwMDAwLCJkZWxldGUiOjE4MDAwMDAwMDAwMDAsInJlYWQiOjMwMDAwMDAwMDAwMCwidXBkYXRlIjoxODAwMDAwMDAwMDAwfX0=",
          "dependencies": [
            "azurerm_resource_group.Terraform_RG"
          ]
        }
      ]
    },
    {
      "mode": "managed",
      "type": "random_string",
      "name": "myrandom",
      "provider": "provider[\"registry.terraform.io/hashicorp/random\"]",
      "instances": [
        {
          "schema_version": 2,
          "attributes": {
            "id": "com7y2",
            "keepers": null,
            "length": 6,
            "lower": true,
            "min_lower": 0,
            "min_numeric": 0,
            "min_special": 0,
            "min_upper": 0,
            "number": true,
            "numeric": true,
            "override_special": null,
            "result": "com7y2",
            "special": false,
            "upper": false
          },
          "sensitive_attributes": []
        }
      ]
    }
  ],
  "check_results": null
}
